
Microsoft Visual Studio Solution File, Format Version 12.00
# Visual Studio Version 17
VisualStudioVersion = 17.14.36127.28 d17.14
MinimumVisualStudioVersion = 10.0.40219.1
Project("{FAE04EC0-301F-11D3-BF4B-00C04F79EFBC}") = "Winejercicioclase1", "Winejercicioclase1\Winejercicioclase1.csproj", "{03AACFC3-7D70-48AF-90EA-ECEFE54F08B7}"
EndProject
Global
	GlobalSection(SolutionConfigurationPlatforms) = preSolution
		Debug|Any CPU = Debug|Any CPU
		Release|Any CPU = Release|Any CPU
	EndGlobalSection
	GlobalSection(ProjectConfigurationPlatforms) = postSolution
		{03AACFC3-7D70-48AF-90EA-ECEFE54F08B7}.Debug|Any CPU.ActiveCfg = Debug|Any CPU
		{03AACFC3-7D70-48AF-90EA-ECEFE54F08B7}.Debug|Any CPU.Build.0 = Debug|Any CPU
		{03AACFC3-7D70-48AF-90EA-ECEFE54F08B7}.Release|Any CPU.ActiveCfg = Release|Any CPU
		{03AACFC3-7D70-48AF-90EA-ECEFE54F08B7}.Release|Any CPU.Build.0 = Release|Any CPU
	EndGlobalSection
	GlobalSection(SolutionProperties) = preSolution
		HideSolutionNode = FALSE
	EndGlobalSection
	GlobalSection(ExtensibilityGlobals) = postSolution
		SolutionGuid = {0EB17650-ADEB-4E13-92DE-161127831F15}
	EndGlobalSection
EndGlobal
